// !$*UTF8*$!
{
	archiveVersion = 1;
	classes = {
	};
	objectVersion = 46;
	objects = {

/* Begin PBXBuildFile section */
		E81A51EDADBFFECE9F2597AD /* Pods_another_xkcd_app.framework in Frameworks */ = {isa = PBXBuildFile; fileRef = 435D72D6ADA9D0BC2A10E10E /* Pods_another_xkcd_app.framework */; };
		EC2F68F71EFB05A7007E5E20 /* XkcdScraper.swift in Sources */ = {isa = PBXBuildFile; fileRef = EC2F68F61EFB05A7007E5E20 /* XkcdScraper.swift */; };
		EC2F68F91EFB0AED007E5E20 /* LoadingViewController.swift in Sources */ = {isa = PBXBuildFile; fileRef = EC2F68F81EFB0AED007E5E20 /* LoadingViewController.swift */; };
		EC3633E41EFB180C00BAA34A /* DetailedViewController.swift in Sources */ = {isa = PBXBuildFile; fileRef = EC3633E31EFB180C00BAA34A /* DetailedViewController.swift */; };
		EC74CF811EFC2B8800A9B944 /* EndViewController.swift in Sources */ = {isa = PBXBuildFile; fileRef = EC74CF801EFC2B8800A9B944 /* EndViewController.swift */; };
		ECA754951EFADADF006F406D /* AppDelegate.swift in Sources */ = {isa = PBXBuildFile; fileRef = ECA754941EFADADF006F406D /* AppDelegate.swift */; };
		ECA7549A1EFADADF006F406D /* Main.storyboard in Resources */ = {isa = PBXBuildFile; fileRef = ECA754981EFADADF006F406D /* Main.storyboard */; };
		ECA7549C1EFADADF006F406D /* Assets.xcassets in Resources */ = {isa = PBXBuildFile; fileRef = ECA7549B1EFADADF006F406D /* Assets.xcassets */; };
		ECA7549F1EFADADF006F406D /* LaunchScreen.storyboard in Resources */ = {isa = PBXBuildFile; fileRef = ECA7549D1EFADADF006F406D /* LaunchScreen.storyboard */; };
		ECA754AA1EFADC93006F406D /* PageViewController.swift in Sources */ = {isa = PBXBuildFile; fileRef = ECA754A91EFADC92006F406D /* PageViewController.swift */; };
/* End PBXBuildFile section */

/* Begin PBXFileReference section */
		435D72D6ADA9D0BC2A10E10E /* Pods_another_xkcd_app.framework */ = {isa = PBXFileReference; explicitFileType = wrapper.framework; includeInIndex = 0; path = Pods_another_xkcd_app.framework; sourceTree = BUILT_PRODUCTS_DIR; };
		C9D040C7CB335CCFD309C71E /* Pods-another xkcd app.debug.xcconfig */ = {isa = PBXFileReference; includeInIndex = 1; lastKnownFileType = text.xcconfig; name = "Pods-another xkcd app.debug.xcconfig"; path = "Pods/Target Support Files/Pods-another xkcd app/Pods-another xkcd app.debug.xcconfig"; sourceTree = "<group>"; };
		EC2F68F61EFB05A7007E5E20 /* XkcdScraper.swift */ = {isa = PBXFileReference; fileEncoding = 4; lastKnownFileType = sourcecode.swift; path = XkcdScraper.swift; sourceTree = "<group>"; };
		EC2F68F81EFB0AED007E5E20 /* LoadingViewController.swift */ = {isa = PBXFileReference; fileEncoding = 4; lastKnownFileType = sourcecode.swift; path = LoadingViewController.swift; sourceTree = "<group>"; };
		EC3633E31EFB180C00BAA34A /* DetailedViewController.swift */ = {isa = PBXFileReference; fileEncoding = 4; lastKnownFileType = sourcecode.swift; path = DetailedViewController.swift; sourceTree = "<group>"; };
		EC74CF801EFC2B8800A9B944 /* EndViewController.swift */ = {isa = PBXFileReference; fileEncoding = 4; lastKnownFileType = sourcecode.swift; path = EndViewController.swift; sourceTree = "<group>"; };
		ECA754911EFADADF006F406D /* another xkcd app.app */ = {isa = PBXFileReference; explicitFileType = wrapper.application; includeInIndex = 0; path = "another xkcd app.app"; sourceTree = BUILT_PRODUCTS_DIR; };
		ECA754941EFADADF006F406D /* AppDelegate.swift */ = {isa = PBXFileReference; lastKnownFileType = sourcecode.swift; path = AppDelegate.swift; sourceTree = "<group>"; };
		ECA754991EFADADF006F406D /* Base */ = {isa = PBXFileReference; lastKnownFileType = file.storyboard; name = Base; path = Base.lproj/Main.storyboard; sourceTree = "<group>"; };
		ECA7549B1EFADADF006F406D /* Assets.xcassets */ = {isa = PBXFileReference; lastKnownFileType = folder.assetcatalog; path = Assets.xcassets; sourceTree = "<group>"; };
		ECA7549E1EFADADF006F406D /* Base */ = {isa = PBXFileReference; lastKnownFileType = file.storyboard; name = Base; path = Base.lproj/LaunchScreen.storyboard; sourceTree = "<group>"; };
		ECA754A01EFADADF006F406D /* Info.plist */ = {isa = PBXFileReference; lastKnownFileType = text.plist.xml; path = Info.plist; sourceTree = "<group>"; };
		ECA754A91EFADC92006F406D /* PageViewController.swift */ = {isa = PBXFileReference; fileEncoding = 4; lastKnownFileType = sourcecode.swift; path = PageViewController.swift; sourceTree = "<group>"; };
		FC956D19F8C9E279598A356B /* Pods-another xkcd app.release.xcconfig */ = {isa = PBXFileReference; includeInIndex = 1; lastKnownFileType = text.xcconfig; name = "Pods-another xkcd app.release.xcconfig"; path = "Pods/Target Support Files/Pods-another xkcd app/Pods-another xkcd app.release.xcconfig"; sourceTree = "<group>"; };
/* End PBXFileReference section */

/* Begin PBXFrameworksBuildPhase section */
		ECA7548E1EFADADF006F406D /* Frameworks */ = {
			isa = PBXFrameworksBuildPhase;
			buildActionMask = 2147483647;
			files = (
				E81A51EDADBFFECE9F2597AD /* Pods_another_xkcd_app.framework in Frameworks */,
			);
			runOnlyForDeploymentPostprocessing = 0;
		};
/* End PBXFrameworksBuildPhase section */

/* Begin PBXGroup section */
		2A1413124A5EBEC2145AF416 /* Frameworks */ = {
			isa = PBXGroup;
			children = (
				435D72D6ADA9D0BC2A10E10E /* Pods_another_xkcd_app.framework */,
			);
			name = Frameworks;
			sourceTree = "<group>";
		};
		B0BB52B331F76821C9839EB7 /* Pods */ = {
			isa = PBXGroup;
			children = (
				C9D040C7CB335CCFD309C71E /* Pods-another xkcd app.debug.xcconfig */,
				FC956D19F8C9E279598A356B /* Pods-another xkcd app.release.xcconfig */,
			);
			name = Pods;
			sourceTree = "<group>";
		};
		ECA754881EFADADE006F406D = {
			isa = PBXGroup;
			children = (
				ECA754931EFADADF006F406D /* another xkcd app */,
				ECA754921EFADADF006F406D /* Products */,
				B0BB52B331F76821C9839EB7 /* Pods */,
				2A1413124A5EBEC2145AF416 /* Frameworks */,
			);
			sourceTree = "<group>";
		};
		ECA754921EFADADF006F406D /* Products */ = {
			isa = PBXGroup;
			children = (
				ECA754911EFADADF006F406D /* another xkcd app.app */,
			);
			name = Products;
			sourceTree = "<group>";
		};
		ECA754931EFADADF006F406D /* another xkcd app */ = {
			isa = PBXGroup;
			children = (
				ECA754A61EFADB0A006F406D /* Resources */,
				ECA754981EFADADF006F406D /* Main.storyboard */,
				EC3633E31EFB180C00BAA34A /* DetailedViewController.swift */,
				ECA7549D1EFADADF006F406D /* LaunchScreen.storyboard */,
				ECA754A01EFADADF006F406D /* Info.plist */,
				ECA754A91EFADC92006F406D /* PageViewController.swift */,
				EC2F68F61EFB05A7007E5E20 /* XkcdScraper.swift */,
				EC2F68F81EFB0AED007E5E20 /* LoadingViewController.swift */,
				EC74CF801EFC2B8800A9B944 /* EndViewController.swift */,
			);
			path = "another xkcd app";
			sourceTree = "<group>";
		};
		ECA754A61EFADB0A006F406D /* Resources */ = {
			isa = PBXGroup;
			children = (
				ECA754941EFADADF006F406D /* AppDelegate.swift */,
				ECA7549B1EFADADF006F406D /* Assets.xcassets */,
			);
			name = Resources;
			sourceTree = "<group>";
		};
/* End PBXGroup section */

/* Begin PBXNativeTarget section */
		ECA754901EFADADF006F406D /* another xkcd app */ = {
			isa = PBXNativeTarget;
			buildConfigurationList = ECA754A31EFADADF006F406D /* Build configuration list for PBXNativeTarget "another xkcd app" */;
			buildPhases = (
				634D079B5F7BAAC2FDCBB7DC /* [CP] Check Pods Manifest.lock */,
				ECA7548D1EFADADF006F406D /* Sources */,
				ECA7548E1EFADADF006F406D /* Frameworks */,
				ECA7548F1EFADADF006F406D /* Resources */,
				274F9100C971DCAA1454A121 /* [CP] Embed Pods Frameworks */,
				0AE90F40D91767DB7C31C89F /* [CP] Copy Pods Resources */,
			);
			buildRules = (
			);
			dependencies = (
			);
			name = "another xkcd app";
			productName = "another xkcd app";
			productReference = ECA754911EFADADF006F406D /* another xkcd app.app */;
			productType = "com.apple.product-type.application";
		};
/* End PBXNativeTarget section */

/* Begin PBXProject section */
		ECA754891EFADADE006F406D /* Project object */ = {
			isa = PBXProject;
			attributes = {
				LastSwiftUpdateCheck = 0830;
				LastUpgradeCheck = 0830;
				ORGANIZATIONNAME = "George Thayamkery";
				TargetAttributes = {
					ECA754901EFADADF006F406D = {
						CreatedOnToolsVersion = 8.3.3;
						DevelopmentTeam = TQ8JDLMWW8;
						ProvisioningStyle = Automatic;
					};
				};
			};
			buildConfigurationList = ECA7548C1EFADADE006F406D /* Build configuration list for PBXProject "another xkcd app" */;
			compatibilityVersion = "Xcode 3.2";
			developmentRegion = English;
			hasScannedForEncodings = 0;
			knownRegions = (
				en,
				Base,
			);
			mainGroup = ECA754881EFADADE006F406D;
			productRefGroup = ECA754921EFADADF006F406D /* Products */;
			projectDirPath = "";
			projectRoot = "";
			targets = (
				ECA754901EFADADF006F406D /* another xkcd app */,
			);
		};
/* End PBXProject section */

/* Begin PBXResourcesBuildPhase section */
		ECA7548F1EFADADF006F406D /* Resources */ = {
			isa = PBXResourcesBuildPhase;
			buildActionMask = 2147483647;
			files = (
				ECA7549F1EFADADF006F406D /* LaunchScreen.storyboard in Resources */,
				ECA7549C1EFADADF006F406D /* Assets.xcassets in Resources */,
				ECA7549A1EFADADF006F406D /* Main.storyboard in Resources */,
			);
			runOnlyForDeploymentPostprocessing = 0;
		};
/* End PBXResourcesBuildPhase section */

/* Begin PBXShellScriptBuildPhase section */
		0AE90F40D91767DB7C31C89F /* [CP] Copy Pods Resources */ = {
			isa = PBXShellScriptBuildPhase;
			buildActionMask = 2147483647;
			files = (
			);
			inputPaths = (
			);
			name = "[CP] Copy Pods Resources";
			outputPaths = (
			);
			runOnlyForDeploymentPostprocessing = 0;
			shellPath = /bin/sh;
			shellScript = "\"${SRCROOT}/Pods/Target Support Files/Pods-another xkcd app/Pods-another xkcd app-resources.sh\"\n";
			showEnvVarsInLog = 0;
		};
		274F9100C971DCAA1454A121 /* [CP] Embed Pods Frameworks */ = {
			isa = PBXShellScriptBuildPhase;
			buildActionMask = 2147483647;
			files = (
			);
			inputPaths = (
			);
			name = "[CP] Embed Pods Frameworks";
			outputPaths = (
			);
			runOnlyForDeploymentPostprocessing = 0;
			shellPath = /bin/sh;
			shellScript = "\"${SRCROOT}/Pods/Target Support Files/Pods-another xkcd app/Pods-another xkcd app-frameworks.sh\"\n";
			showEnvVarsInLog = 0;
		};
		634D079B5F7BAAC2FDCBB7DC /* [CP] Check Pods Manifest.lock */ = {
			isa = PBXShellScriptBuildPhase;
			buildActionMask = 2147483647;
			files = (
			);
			inputPaths = (
			);
			name = "[CP] Check Pods Manifest.lock";
			outputPaths = (
			);
			runOnlyForDeploymentPostprocessing = 0;
			shellPath = /bin/sh;
			shellScript = "diff \"${PODS_PODFILE_DIR_PATH}/Podfile.lock\" \"${PODS_ROOT}/Manifest.lock\" > /dev/null\nif [ $? != 0 ] ; then\n    # print error to STDERR\n    echo \"error: The sandbox is not in sync with the Podfile.lock. Run 'pod install' or update your CocoaPods installation.\" >&2\n    exit 1\nfi\n";
			showEnvVarsInLog = 0;
		};
/* End PBXShellScriptBuildPhase section */

/* Begin PBXSourcesBuildPhase section */
		ECA7548D1EFADADF006F406D /* Sources */ = {
			isa = PBXSourcesBuildPhase;
			buildActionMask = 2147483647;
			files = (
				EC74CF811EFC2B8800A9B944 /* EndViewController.swift in Sources */,
				ECA754AA1EFADC93006F406D /* PageViewController.swift in Sources */,
				ECA754951EFADADF006F406D /* AppDelegate.swift in Sources */,
				EC3633E41EFB180C00BAA34A /* DetailedViewController.swift in Sources */,
				EC2F68F71EFB05A7007E5E20 /* XkcdScraper.swift in Sources */,
				EC2F68F91EFB0AED007E5E20 /* LoadingViewController.swift in Sources */,
			);
			runOnlyForDeploymentPostprocessing = 0;
		};
/* End PBXSourcesBuildPhase section */

/* Begin PBXVariantGroup section */
		ECA754981EFADADF006F406D /* Main.storyboard */ = {
			isa = PBXVariantGroup;
			children = (
				ECA754991EFADADF006F406D /* Base */,
			);
			name = Main.storyboard;
			sourceTree = "<group>";
		};
		ECA7549D1EFADADF006F406D /* LaunchScreen.storyboard */ = {
			isa = PBXVariantGroup;
			children = (
				ECA7549E1EFADADF006F406D /* Base */,
			);
			name = LaunchScreen.storyboard;
			sourceTree = "<group>";
		};
/* End PBXVariantGroup section */

/* Begin XCBuildConfiguration section */
		ECA754A11EFADADF006F406D /* Debug */ = {
			isa = XCBuildConfiguration;
			buildSettings = {
				ALWAYS_SEARCH_USER_PATHS = NO;
				CLANG_ANALYZER_NONNULL = YES;
				CLANG_ANALYZER_NUMBER_OBJECT_CONVERSION = YES_AGGRESSIVE;
				CLANG_CXX_LANGUAGE_STANDARD = "gnu++0x";
				CLANG_CXX_LIBRARY = "libc++";
				CLANG_ENABLE_MODULES = YES;
				CLANG_ENABLE_OBJC_ARC = YES;
				CLANG_WARN_BOOL_CONVERSION = YES;
				CLANG_WARN_CONSTANT_CONVERSION = YES;
				CLANG_WARN_DIRECT_OBJC_ISA_USAGE = YES_ERROR;
				CLANG_WARN_DOCUMENTATION_COMMENTS = YES;
				CLANG_WARN_EMPTY_BODY = YES;
				CLANG_WARN_ENUM_CONVERSION = YES;
				CLANG_WARN_INFINITE_RECURSION = YES;
				CLANG_WARN_INT_CONVERSION = YES;
				CLANG_WARN_OBJC_ROOT_CLASS = YES_ERROR;
				CLANG_WARN_SUSPICIOUS_MOVE = YES;
				CLANG_WARN_UNREACHABLE_CODE = YES;
				CLANG_WARN__DUPLICATE_METHOD_MATCH = YES;
				"CODE_SIGN_IDENTITY[sdk=iphoneos*]" = "iPhone Developer";
				COPY_PHASE_STRIP = NO;
				DEBUG_INFORMATION_FORMAT = dwarf;
				ENABLE_STRICT_OBJC_MSGSEND = YES;
				ENABLE_TESTABILITY = YES;
				GCC_C_LANGUAGE_STANDARD = gnu99;
				GCC_DYNAMIC_NO_PIC = NO;
				GCC_NO_COMMON_BLOCKS = YES;
				GCC_OPTIMIZATION_LEVEL = 0;
				GCC_PREPROCESSOR_DEFINITIONS = (
					"DEBUG=1",
					"$(inherited)",
				);
				GCC_WARN_64_TO_32_BIT_CONVERSION = YES;
				GCC_WARN_ABOUT_RETURN_TYPE = YES_ERROR;
				GCC_WARN_UNDECLARED_SELECTOR = YES;
				GCC_WARN_UNINITIALIZED_AUTOS = YES_AGGRESSIVE;
				GCC_WARN_UNUSED_FUNCTION = YES;
				GCC_WARN_UNUSED_VARIABLE = YES;
				IPHONEOS_DEPLOYMENT_TARGET = 10.3;
				MTL_ENABLE_DEBUG_INFO = YES;
				ONLY_ACTIVE_ARCH = YES;
				SDKROOT = iphoneos;
				SWIFT_ACTIVE_COMPILATION_CONDITIONS = DEBUG;
				SWIFT_OPTIMIZATION_LEVEL = "-Onone";
				TARGETED_DEVICE_FAMILY = "1,2";
			};
			name = Debug;
		};
		ECA754A21EFADADF006F406D /* Release */ = {
			isa = XCBuildConfiguration;
			buildSettings = {
				ALWAYS_SEARCH_USER_PATHS = NO;
				CLANG_ANALYZER_NONNULL = YES;
				CLANG_ANALYZER_NUMBER_OBJECT_CONVERSION = YES_AGGRESSIVE;
				CLANG_CXX_LANGUAGE_STANDARD = "gnu++0x";
				CLANG_CXX_LIBRARY = "libc++";
				CLANG_ENABLE_MODULES = YES;
				CLANG_ENABLE_OBJC_ARC = YES;
				CLANG_WARN_BOOL_CONVERSION = YES;
				CLANG_WARN_CONSTANT_CONVERSION = YES;
				CLANG_WARN_DIRECT_OBJC_ISA_USAGE = YES_ERROR;
				CLANG_WARN_DOCUMENTATION_COMMENTS = YES;
				CLANG_WARN_EMPTY_BODY = YES;
				CLANG_WARN_ENUM_CONVERSION = YES;
				CLANG_WARN_INFINITE_RECURSION = YES;
				CLANG_WARN_INT_CONVERSION = YES;
				CLANG_WARN_OBJC_ROOT_CLASS = YES_ERROR;
				CLANG_WARN_SUSPICIOUS_MOVE = YES;
				CLANG_WARN_UNREACHABLE_CODE = YES;
				CLANG_WARN__DUPLICATE_METHOD_MATCH = YES;
				"CODE_SIGN_IDENTITY[sdk=iphoneos*]" = "iPhone Developer";
				COPY_PHASE_STRIP = NO;
				DEBUG_INFORMATION_FORMAT = "dwarf-with-dsym";
				ENABLE_NS_ASSERTIONS = NO;
				ENABLE_STRICT_OBJC_MSGSEND = YES;
				GCC_C_LANGUAGE_STANDARD = gnu99;
				GCC_NO_COMMON_BLOCKS = YES;
				GCC_WARN_64_TO_32_BIT_CONVERSION = YES;
				GCC_WARN_ABOUT_RETURN_TYPE = YES_ERROR;
				GCC_WARN_UNDECLARED_SELECTOR = YES;
				GCC_WARN_UNINITIALIZED_AUTOS = YES_AGGRESSIVE;
				GCC_WARN_UNUSED_FUNCTION = YES;
				GCC_WARN_UNUSED_VARIABLE = YES;
				IPHONEOS_DEPLOYMENT_TARGET = 10.3;
				MTL_ENABLE_DEBUG_INFO = NO;
				SDKROOT = iphoneos;
				SWIFT_OPTIMIZATION_LEVEL = "-Owholemodule";
				TARGETED_DEVICE_FAMILY = "1,2";
				VALIDATE_PRODUCT = YES;
			};
			name = Release;
		};
		ECA754A41EFADADF006F406D /* Debug */ = {
			isa = XCBuildConfiguration;
			baseConfigurationReference = C9D040C7CB335CCFD309C71E /* Pods-another xkcd app.debug.xcconfig */;
			buildSettings = {
				ASSETCATALOG_COMPILER_APPICON_NAME = AppIcon;
				DEVELOPMENT_TEAM = TQ8JDLMWW8;
				INFOPLIST_FILE = "another xkcd app/Info.plist";
				IPHONEOS_DEPLOYMENT_TARGET = 10.2;
				LD_RUNPATH_SEARCH_PATHS = "$(inherited) @executable_path/Frameworks";
				PRODUCT_BUNDLE_IDENTIFIER = "com.geooot.another-xkcd-app";
				PRODUCT_NAME = "$(TARGET_NAME)";
				SWIFT_VERSION = 3.0;
			};
			name = Debug;
		};
		ECA754A51EFADADF006F406D /* Release */ = {
			isa = XCBuildConfiguration;
			baseConfigurationReference = FC956D19F8C9E279598A356B /* Pods-another xkcd app.release.xcconfig */;
			buildSettings = {
				ASSETCATALOG_COMPILER_APPICON_NAME = AppIcon;
				DEVELOPMENT_TEAM = TQ8JDLMWW8;
				INFOPLIST_FILE = "another xkcd app/Info.plist";
				IPHONEOS_DEPLOYMENT_TARGET = 10.2;
				LD_RUNPATH_SEARCH_PATHS = "$(inherited) @executable_path/Frameworks";
				PRODUCT_BUNDLE_IDENTIFIER = "com.geooot.another-xkcd-app";
				PRODUCT_NAME = "$(TARGET_NAME)";
				SWIFT_VERSION = 3.0;
			};
			name = Release;
		};
/* End XCBuildConfiguration section */

/* Begin XCConfigurationList section */
		ECA7548C1EFADADE006F406D /* Build configuration list for PBXProject "another xkcd app" */ = {
			isa = XCConfigurationList;
			buildConfigurations = (
				ECA754A11EFADADF006F406D /* Debug */,
				ECA754A21EFADADF006F406D /* Release */,
			);
			defaultConfigurationIsVisible = 0;
			defaultConfigurationName = Release;
		};
		ECA754A31EFADADF006F406D /* Build configuration list for PBXNativeTarget "another xkcd app" */ = {
			isa = XCConfigurationList;
			buildConfigurations = (
				ECA754A41EFADADF006F406D /* Debug */,
				ECA754A51EFADADF006F406D /* Release */,
			);
			defaultConfigurationIsVisible = 0;
			defaultConfigurationName = Release;
		};
/* End XCConfigurationList section */
	};
	rootObject = ECA754891EFADADE006F406D /* Project object */;
}
